lockfileVersion: '9.0'

settings:
  autoInstallPeers: true
  excludeLinksFromLockfile: false

importers:

  .:
    dependencies:
      tree-sitter:
        specifier: ^0.21.1
        version: 0.21.1
    devDependencies:
      tree-sitter-cli:
        specifier: ^0.22.6
        version: 0.22.6

packages:

  node-addon-api@8.1.0:
    resolution: {integrity: sha512-yBY+qqWSv3dWKGODD6OGE6GnTX7Q2r+4+DfpqxHSHh8x0B4EKP9+wVGLS6U/AM1vxSNNmUEuIV5EGhYwPpfOwQ==}
    engines: {node: ^18 || ^20 || >= 21}

  node-gyp-build@4.8.1:
    resolution: {integrity: sha512-OSs33Z9yWr148JZcbZd5WiAXhh/n9z8TxQcdMhIOlpN9AhWpLfvVFO73+m77bBABQMaY9XSvIa+qk0jlI7Gcaw==}
    hasBin: true

  tree-sitter-cli@0.22.6:
    resolution: {integrity: sha512-s7mYOJXi8sIFkt/nLJSqlYZP96VmKTc3BAwIX0rrrlRxWjWuCwixFqwzxWZBQz4R8Hx01iP7z3cT3ih58BUmZQ==}
    hasBin: true

  tree-sitter@0.21.1:
    resolution: {integrity: sha512-7dxoA6kYvtgWw80265MyqJlkRl4yawIjO7S5MigytjELkX43fV2WsAXzsNfO7sBpPPCF5Gp0+XzHk0DwLCq3xQ==}

snapshots:

  node-addon-api@8.1.0: {}

  node-gyp-build@4.8.1: {}

  tree-sitter-cli@0.22.6: {}

  tree-sitter@0.21.1:
    dependencies:
      node-addon-api: 8.1.0
      node-gyp-build: 4.8.1
